
Microsoft Visual Studio Solution File, Format Version 12.00
# Visual Studio Version 16
VisualStudioVersion = 16.0.29009.5
MinimumVisualStudioVersion = 10.0.40219.1
Project("{FAE04EC0-301F-11D3-BF4B-00C04F79EFBC}") = "MathQuiz", "MathQuiz.csproj", "{8DDE6A01-0EC4-42F8-9EF1-26DF813E2B28}"
EndProject
Global
	GlobalSection(SolutionConfigurationPlatforms) = preSolution
		Debug|Any CPU = Debug|Any CPU
		Release|Any CPU = Release|Any CPU
	EndGlobalSection
	GlobalSection(ProjectConfigurationPlatforms) = postSolution
		{8DDE6A01-0EC4-42F8-9EF1-26DF813E2B28}.Debug|Any CPU.ActiveCfg = Debug|Any CPU
		{8DDE6A01-0EC4-42F8-9EF1-26DF813E2B28}.Debug|Any CPU.Build.0 = Debug|Any CPU
		{8DDE6A01-0EC4-42F8-9EF1-26DF813E2B28}.Release|Any CPU.ActiveCfg = Release|Any CPU
		{8DDE6A01-0EC4-42F8-9EF1-26DF813E2B28}.Release|Any CPU.Build.0 = Release|Any CPU
	EndGlobalSection
	GlobalSection(SolutionProperties) = preSolution
		HideSolutionNode = FALSE
	EndGlobalSection
	GlobalSection(ExtensibilityGlobals) = postSolution
		SolutionGuid = {348774F2-D388-4488-B6AC-BF0A5C83BD18}
	EndGlobalSection
EndGlobal
